
Microsoft Visual Studio Solution File, Format Version 12.00
# Visual Studio Version 16
VisualStudioVersion = 16.0.29519.87
MinimumVisualStudioVersion = 10.0.40219.1
Project("{FAE04EC0-301F-11D3-BF4B-00C04F79EFBC}") = "MuharremUstaoglu-HW5", "MuharremUstaoglu-HW5\MuharremUstaoglu-HW5.csproj", "{C42A7354-CCE3-4C6A-826B-853693EAC1E3}"
EndProject
Global
	GlobalSection(SolutionConfigurationPlatforms) = preSolution
		Debug|Any CPU = Debug|Any CPU
		Release|Any CPU = Release|Any CPU
	EndGlobalSection
	GlobalSection(ProjectConfigurationPlatforms) = postSolution
		{C42A7354-CCE3-4C6A-826B-853693EAC1E3}.Debug|Any CPU.ActiveCfg = Debug|Any CPU
		{C42A7354-CCE3-4C6A-826B-853693EAC1E3}.Debug|Any CPU.Build.0 = Debug|Any CPU
		{C42A7354-CCE3-4C6A-826B-853693EAC1E3}.Release|Any CPU.ActiveCfg = Release|Any CPU
		{C42A7354-CCE3-4C6A-826B-853693EAC1E3}.Release|Any CPU.Build.0 = Release|Any CPU
	EndGlobalSection
	GlobalSection(SolutionProperties) = preSolution
		HideSolutionNode = FALSE
	EndGlobalSection
	GlobalSection(ExtensibilityGlobals) = postSolution
		SolutionGuid = {F70B8D09-E72C-4235-A695-CE23C3A566BE}
	EndGlobalSection
EndGlobal
